
Microsoft Visual Studio Solution File, Format Version 12.00
# Visual Studio 15
VisualStudioVersion = 15.0.27428.1
MinimumVisualStudioVersion = 10.0.40219.1
Project("{FAE04EC0-301F-11D3-BF4B-00C04F79EFBC}") = "ACM.BL", "ACM.BL\ACM.BL.csproj", "{543D292F-EDA9-41CE-8D8B-77E35B58BC22}"
EndProject
Project("{2150E333-8FDC-42A3-9474-1A3956D46DE8}") = "Test", "Test", "{CB89C69F-57B3-40D3-BD7E-977D33C3EAD7}"
EndProject
Project("{FAE04EC0-301F-11D3-BF4B-00C04F79EFBC}") = "ACM.BLTEST", "ACM.BLTEST\ACM.BLTEST.csproj", "{8B231F00-8995-45B3-AF05-EACA36D515D2}"
EndProject
Project("{2150E333-8FDC-42A3-9474-1A3956D46DE8}") = "Solution Items", "Solution Items", "{3DDE9AAA-AA85-48DB-B0FE-B9E30D892CAF}"
	ProjectSection(SolutionItems) = preProject
		.gitignore = .gitignore
	EndProjectSection
EndProject
Global
	GlobalSection(SolutionConfigurationPlatforms) = preSolution
		Debug|Any CPU = Debug|Any CPU
		Release|Any CPU = Release|Any CPU
	EndGlobalSection
	GlobalSection(ProjectConfigurationPlatforms) = postSolution
		{543D292F-EDA9-41CE-8D8B-77E35B58BC22}.Debug|Any CPU.ActiveCfg = Debug|Any CPU
		{543D292F-EDA9-41CE-8D8B-77E35B58BC22}.Debug|Any CPU.Build.0 = Debug|Any CPU
		{543D292F-EDA9-41CE-8D8B-77E35B58BC22}.Release|Any CPU.ActiveCfg = Release|Any CPU
		{543D292F-EDA9-41CE-8D8B-77E35B58BC22}.Release|Any CPU.Build.0 = Release|Any CPU
		{8B231F00-8995-45B3-AF05-EACA36D515D2}.Debug|Any CPU.ActiveCfg = Debug|Any CPU
		{8B231F00-8995-45B3-AF05-EACA36D515D2}.Debug|Any CPU.Build.0 = Debug|Any CPU
		{8B231F00-8995-45B3-AF05-EACA36D515D2}.Release|Any CPU.ActiveCfg = Release|Any CPU
		{8B231F00-8995-45B3-AF05-EACA36D515D2}.Release|Any CPU.Build.0 = Release|Any CPU
	EndGlobalSection
	GlobalSection(SolutionProperties) = preSolution
		HideSolutionNode = FALSE
	EndGlobalSection
	GlobalSection(NestedProjects) = preSolution
		{8B231F00-8995-45B3-AF05-EACA36D515D2} = {CB89C69F-57B3-40D3-BD7E-977D33C3EAD7}
	EndGlobalSection
	GlobalSection(ExtensibilityGlobals) = postSolution
		SolutionGuid = {50AFAD59-FDA2-4A87-B844-42719A8D10AA}
	EndGlobalSection
EndGlobal
